
Microsoft Visual Studio Solution File, Format Version 12.00
# Visual Studio 2012
Project("{FAE04EC0-301F-11D3-BF4B-00C04F79EFBC}") = "Financial Journal", "Financial Journal\Financial Journal.csproj", "{838F53E0-E39F-4839-BE46-34190AF16B46}"
EndProject
Project("{6141683F-8A12-4E36-9623-2EB02B2C2303}") = "Setup2", "Setup2\Setup2.isproj", "{35F50584-0BA1-486A-97A0-45AE3387C4DD}"
EndProject
Project("{FAE04EC0-301F-11D3-BF4B-00C04F79EFBC}") = "CheckBoxComboBox", "ComboCheckBox\CheckBoxComboBox\CheckBoxComboBox.csproj", "{70A25201-8EA4-48F8-A4A6-ED13ADF8823C}"
EndProject
Project("{FAE04EC0-301F-11D3-BF4B-00C04F79EFBC}") = "PieChart", "PieChart\PieChart\PieChart.csproj", "{696E929A-6A4A-4C6D-A8B2-C4F25F781940}"
EndProject
Project("{FAE04EC0-301F-11D3-BF4B-00C04F79EFBC}") = "ToggleSwitch", "ToggleSwitch\ToggleSwitch\ToggleSwitch.csproj", "{49B88FFA-F02C-4709-BA65-9F8996444ECD}"
EndProject
Project("{FAE04EC0-301F-11D3-BF4B-00C04F79EFBC}") = "TimePicker", "TimePicker\TimePicker.csproj", "{076BC68C-1AB7-44CA-8403-1932B4E2FDE7}"
EndProject
Project("{FAE04EC0-301F-11D3-BF4B-00C04F79EFBC}") = "AlertBox", "AlertBox\AlertBox.csproj", "{7880D310-7A08-477D-8DE3-D787FF79AB6C}"
EndProject
Project("{FAE04EC0-301F-11D3-BF4B-00C04F79EFBC}") = "PrinterInventory", "PrinterInventory\PrinterInventory.csproj", "{FC091ED4-911A-4BB7-845D-9D14C0A70A33}"
EndProject
Global
	GlobalSection(SolutionConfigurationPlatforms) = preSolution
		CD_ROM|Any CPU = CD_ROM|Any CPU
		Debug|Any CPU = Debug|Any CPU
		DVD-5|Any CPU = DVD-5|Any CPU
		Release|Any CPU = Release|Any CPU
		SingleImage|Any CPU = SingleImage|Any CPU
	EndGlobalSection
	GlobalSection(ProjectConfigurationPlatforms) = postSolution
		{838F53E0-E39F-4839-BE46-34190AF16B46}.CD_ROM|Any CPU.ActiveCfg = Release|Any CPU
		{838F53E0-E39F-4839-BE46-34190AF16B46}.CD_ROM|Any CPU.Build.0 = Release|Any CPU
		{838F53E0-E39F-4839-BE46-34190AF16B46}.Debug|Any CPU.ActiveCfg = Debug|Any CPU
		{838F53E0-E39F-4839-BE46-34190AF16B46}.Debug|Any CPU.Build.0 = Debug|Any CPU
		{838F53E0-E39F-4839-BE46-34190AF16B46}.DVD-5|Any CPU.ActiveCfg = Debug|Any CPU
		{838F53E0-E39F-4839-BE46-34190AF16B46}.DVD-5|Any CPU.Build.0 = Debug|Any CPU
		{838F53E0-E39F-4839-BE46-34190AF16B46}.Release|Any CPU.ActiveCfg = Release|Any CPU
		{838F53E0-E39F-4839-BE46-34190AF16B46}.Release|Any CPU.Build.0 = Release|Any CPU
		{838F53E0-E39F-4839-BE46-34190AF16B46}.SingleImage|Any CPU.ActiveCfg = Release|Any CPU
		{838F53E0-E39F-4839-BE46-34190AF16B46}.SingleImage|Any CPU.Build.0 = Release|Any CPU
		{35F50584-0BA1-486A-97A0-45AE3387C4DD}.CD_ROM|Any CPU.ActiveCfg = CD_ROM
		{35F50584-0BA1-486A-97A0-45AE3387C4DD}.CD_ROM|Any CPU.Build.0 = CD_ROM
		{35F50584-0BA1-486A-97A0-45AE3387C4DD}.Debug|Any CPU.ActiveCfg = DVD-5
		{35F50584-0BA1-486A-97A0-45AE3387C4DD}.Debug|Any CPU.Build.0 = DVD-5
		{35F50584-0BA1-486A-97A0-45AE3387C4DD}.DVD-5|Any CPU.ActiveCfg = DVD-5
		{35F50584-0BA1-486A-97A0-45AE3387C4DD}.DVD-5|Any CPU.Build.0 = DVD-5
		{35F50584-0BA1-486A-97A0-45AE3387C4DD}.Release|Any CPU.ActiveCfg = SingleImage
		{35F50584-0BA1-486A-97A0-45AE3387C4DD}.Release|Any CPU.Build.0 = SingleImage
		{35F50584-0BA1-486A-97A0-45AE3387C4DD}.SingleImage|Any CPU.ActiveCfg = SingleImage
		{35F50584-0BA1-486A-97A0-45AE3387C4DD}.SingleImage|Any CPU.Build.0 = SingleImage
		{70A25201-8EA4-48F8-A4A6-ED13ADF8823C}.CD_ROM|Any CPU.ActiveCfg = Release|Any CPU
		{70A25201-8EA4-48F8-A4A6-ED13ADF8823C}.CD_ROM|Any CPU.Build.0 = Release|Any CPU
		{70A25201-8EA4-48F8-A4A6-ED13ADF8823C}.Debug|Any CPU.ActiveCfg = Debug|Any CPU
		{70A25201-8EA4-48F8-A4A6-ED13ADF8823C}.Debug|Any CPU.Build.0 = Debug|Any CPU
		{70A25201-8EA4-48F8-A4A6-ED13ADF8823C}.DVD-5|Any CPU.ActiveCfg = Debug|Any CPU
		{70A25201-8EA4-48F8-A4A6-ED13ADF8823C}.DVD-5|Any CPU.Build.0 = Debug|Any CPU
		{70A25201-8EA4-48F8-A4A6-ED13ADF8823C}.Release|Any CPU.ActiveCfg = Release|Any CPU
		{70A25201-8EA4-48F8-A4A6-ED13ADF8823C}.Release|Any CPU.Build.0 = Release|Any CPU
		{70A25201-8EA4-48F8-A4A6-ED13ADF8823C}.SingleImage|Any CPU.ActiveCfg = Release|Any CPU
		{70A25201-8EA4-48F8-A4A6-ED13ADF8823C}.SingleImage|Any CPU.Build.0 = Release|Any CPU
		{696E929A-6A4A-4C6D-A8B2-C4F25F781940}.CD_ROM|Any CPU.ActiveCfg = Release|Any CPU
		{696E929A-6A4A-4C6D-A8B2-C4F25F781940}.CD_ROM|Any CPU.Build.0 = Release|Any CPU
		{696E929A-6A4A-4C6D-A8B2-C4F25F781940}.Debug|Any CPU.ActiveCfg = Debug|Any CPU
		{696E929A-6A4A-4C6D-A8B2-C4F25F781940}.Debug|Any CPU.Build.0 = Debug|Any CPU
		{696E929A-6A4A-4C6D-A8B2-C4F25F781940}.DVD-5|Any CPU.ActiveCfg = Debug|Any CPU
		{696E929A-6A4A-4C6D-A8B2-C4F25F781940}.DVD-5|Any CPU.Build.0 = Debug|Any CPU
		{696E929A-6A4A-4C6D-A8B2-C4F25F781940}.Release|Any CPU.ActiveCfg = Release|Any CPU
		{696E929A-6A4A-4C6D-A8B2-C4F25F781940}.Release|Any CPU.Build.0 = Release|Any CPU
		{696E929A-6A4A-4C6D-A8B2-C4F25F781940}.SingleImage|Any CPU.ActiveCfg = Release|Any CPU
		{49B88FFA-F02C-4709-BA65-9F8996444ECD}.CD_ROM|Any CPU.ActiveCfg = Release|Any CPU
		{49B88FFA-F02C-4709-BA65-9F8996444ECD}.CD_ROM|Any CPU.Build.0 = Release|Any CPU
		{49B88FFA-F02C-4709-BA65-9F8996444ECD}.Debug|Any CPU.ActiveCfg = Debug|Any CPU
		{49B88FFA-F02C-4709-BA65-9F8996444ECD}.Debug|Any CPU.Build.0 = Debug|Any CPU
		{49B88FFA-F02C-4709-BA65-9F8996444ECD}.DVD-5|Any CPU.ActiveCfg = Debug|Any CPU
		{49B88FFA-F02C-4709-BA65-9F8996444ECD}.DVD-5|Any CPU.Build.0 = Debug|Any CPU
		{49B88FFA-F02C-4709-BA65-9F8996444ECD}.Release|Any CPU.ActiveCfg = Release|Any CPU
		{49B88FFA-F02C-4709-BA65-9F8996444ECD}.Release|Any CPU.Build.0 = Release|Any CPU
		{49B88FFA-F02C-4709-BA65-9F8996444ECD}.SingleImage|Any CPU.ActiveCfg = Release|Any CPU
		{49B88FFA-F02C-4709-BA65-9F8996444ECD}.SingleImage|Any CPU.Build.0 = Release|Any CPU
		{076BC68C-1AB7-44CA-8403-1932B4E2FDE7}.CD_ROM|Any CPU.ActiveCfg = Release|Any CPU
		{076BC68C-1AB7-44CA-8403-1932B4E2FDE7}.CD_ROM|Any CPU.Build.0 = Release|Any CPU
		{076BC68C-1AB7-44CA-8403-1932B4E2FDE7}.Debug|Any CPU.ActiveCfg = Debug|Any CPU
		{076BC68C-1AB7-44CA-8403-1932B4E2FDE7}.Debug|Any CPU.Build.0 = Debug|Any CPU
		{076BC68C-1AB7-44CA-8403-1932B4E2FDE7}.DVD-5|Any CPU.ActiveCfg = Debug|Any CPU
		{076BC68C-1AB7-44CA-8403-1932B4E2FDE7}.DVD-5|Any CPU.Build.0 = Debug|Any CPU
		{076BC68C-1AB7-44CA-8403-1932B4E2FDE7}.Release|Any CPU.ActiveCfg = Release|Any CPU
		{076BC68C-1AB7-44CA-8403-1932B4E2FDE7}.Release|Any CPU.Build.0 = Release|Any CPU
		{076BC68C-1AB7-44CA-8403-1932B4E2FDE7}.SingleImage|Any CPU.ActiveCfg = Release|Any CPU
		{076BC68C-1AB7-44CA-8403-1932B4E2FDE7}.SingleImage|Any CPU.Build.0 = Release|Any CPU
		{7880D310-7A08-477D-8DE3-D787FF79AB6C}.CD_ROM|Any CPU.ActiveCfg = Release|Any CPU
		{7880D310-7A08-477D-8DE3-D787FF79AB6C}.CD_ROM|Any CPU.Build.0 = Release|Any CPU
		{7880D310-7A08-477D-8DE3-D787FF79AB6C}.Debug|Any CPU.ActiveCfg = Debug|Any CPU
		{7880D310-7A08-477D-8DE3-D787FF79AB6C}.Debug|Any CPU.Build.0 = Debug|Any CPU
		{7880D310-7A08-477D-8DE3-D787FF79AB6C}.DVD-5|Any CPU.ActiveCfg = Debug|Any CPU
		{7880D310-7A08-477D-8DE3-D787FF79AB6C}.DVD-5|Any CPU.Build.0 = Debug|Any CPU
		{7880D310-7A08-477D-8DE3-D787FF79AB6C}.Release|Any CPU.ActiveCfg = Release|Any CPU
		{7880D310-7A08-477D-8DE3-D787FF79AB6C}.Release|Any CPU.Build.0 = Release|Any CPU
		{7880D310-7A08-477D-8DE3-D787FF79AB6C}.SingleImage|Any CPU.ActiveCfg = Release|Any CPU
		{7880D310-7A08-477D-8DE3-D787FF79AB6C}.SingleImage|Any CPU.Build.0 = Release|Any CPU
		{FC091ED4-911A-4BB7-845D-9D14C0A70A33}.CD_ROM|Any CPU.ActiveCfg = Release|Any CPU
		{FC091ED4-911A-4BB7-845D-9D14C0A70A33}.CD_ROM|Any CPU.Build.0 = Release|Any CPU
		{FC091ED4-911A-4BB7-845D-9D14C0A70A33}.Debug|Any CPU.ActiveCfg = Debug|Any CPU
		{FC091ED4-911A-4BB7-845D-9D14C0A70A33}.Debug|Any CPU.Build.0 = Debug|Any CPU
		{FC091ED4-911A-4BB7-845D-9D14C0A70A33}.DVD-5|Any CPU.ActiveCfg = Debug|Any CPU
		{FC091ED4-911A-4BB7-845D-9D14C0A70A33}.DVD-5|Any CPU.Build.0 = Debug|Any CPU
		{FC091ED4-911A-4BB7-845D-9D14C0A70A33}.Release|Any CPU.ActiveCfg = Release|Any CPU
		{FC091ED4-911A-4BB7-845D-9D14C0A70A33}.Release|Any CPU.Build.0 = Release|Any CPU
		{FC091ED4-911A-4BB7-845D-9D14C0A70A33}.SingleImage|Any CPU.ActiveCfg = Release|Any CPU
		{FC091ED4-911A-4BB7-845D-9D14C0A70A33}.SingleImage|Any CPU.Build.0 = Release|Any CPU
	EndGlobalSection
	GlobalSection(SolutionProperties) = preSolution
		HideSolutionNode = FALSE
	EndGlobalSection
EndGlobal
